
Microsoft Visual Studio Solution File, Format Version 12.00
# Visual Studio 15
VisualStudioVersion = 15.0.28307.329
MinimumVisualStudioVersion = 10.0.40219.1
Project("{FAE04EC0-301F-11D3-BF4B-00C04F79EFBC}") = "BookShopApp", "BookShopApp\BookShopApp.csproj", "{EA9E8EA2-8C6B-4D6D-B83D-5AE1A1ABC199}"
EndProject
Global
	GlobalSection(SolutionConfigurationPlatforms) = preSolution
		Debug|Any CPU = Debug|Any CPU
		Release|Any CPU = Release|Any CPU
	EndGlobalSection
	GlobalSection(ProjectConfigurationPlatforms) = postSolution
		{EA9E8EA2-8C6B-4D6D-B83D-5AE1A1ABC199}.Debug|Any CPU.ActiveCfg = Debug|Any CPU
		{EA9E8EA2-8C6B-4D6D-B83D-5AE1A1ABC199}.Debug|Any CPU.Build.0 = Debug|Any CPU
		{EA9E8EA2-8C6B-4D6D-B83D-5AE1A1ABC199}.Release|Any CPU.ActiveCfg = Release|Any CPU
		{EA9E8EA2-8C6B-4D6D-B83D-5AE1A1ABC199}.Release|Any CPU.Build.0 = Release|Any CPU
	EndGlobalSection
	GlobalSection(SolutionProperties) = preSolution
		HideSolutionNode = FALSE
	EndGlobalSection
	GlobalSection(ExtensibilityGlobals) = postSolution
		SolutionGuid = {A4342D59-7814-4FD3-A9AA-AEF2CF8DA90A}
	EndGlobalSection
EndGlobal
